{
  "name": "blog-platform",
  "lockfileVersion": 3,
  "requires": true,
  "packages": {
    "": {
      "dependencies": {
        "js-cookie": "^3.0.5"
      },
      "devDependencies": {
        "@types/js-cookie": "^3.0.5"
      }
    },
    "node_modules/@types/js-cookie": {
      "version": "3.0.5",
      "resolved": "https://registry.npmjs.org/@types/js-cookie/-/js-cookie-3.0.5.tgz",
      "integrity": "sha512-dtLshqoiGRDHbHueIT9sjkd2F4tW1qPSX2xKAQK8p1e6pM+Z913GM1shv7dOqqasEMYbC5zEaClJomQe8OtQLA==",
      "dev": true
    },
    "node_modules/js-cookie": {
      "version": "3.0.5",
      "resolved": "https://registry.npmjs.org/js-cookie/-/js-cookie-3.0.5.tgz",
      "integrity": "sha512-cEiJEAEoIbWfCZYKWhVwFuvPX1gETRYPw6LlaTKoxD3s2AkXzkCjnp6h0V77ozyqj0jakteJ4YqDJT830+lVGw==",
      "engines": {
        "node": ">=14"
      }
    }
  }
}
